// !$*UTF8*$!
{
	archiveVersion = 1;
	classes = {
	};
	objectVersion = 46;
	objects = {

/* Begin PBXBuildFile section */
		220F3BA11C56F3790067E0E1 /* simulationImp.cpp in Sources */ = {isa = PBXBuildFile; fileRef = 220F3B9F1C56F3790067E0E1 /* simulationImp.cpp */; };
		220F3BA21C56F3790067E0E1 /* testSimulationProg.cpp in Sources */ = {isa = PBXBuildFile; fileRef = 220F3BA01C56F3790067E0E1 /* testSimulationProg.cpp */; };
/* End PBXBuildFile section */

/* Begin PBXCopyFilesBuildPhase section */
		220F3B8F1C56F31A0067E0E1 /* CopyFiles */ = {
			isa = PBXCopyFilesBuildPhase;
			buildActionMask = 2147483647;
			dstPath = /usr/share/man/man1/;
			dstSubfolderSpec = 0;
			files = (
			);
			runOnlyForDeploymentPostprocessing = 1;
		};
/* End PBXCopyFilesBuildPhase section */

/* Begin PBXFileReference section */
		220F3B911C56F31A0067E0E1 /* Sim */ = {isa = PBXFileReference; explicitFileType = "compiled.mach-o.executable"; includeInIndex = 0; path = Sim; sourceTree = BUILT_PRODUCTS_DIR; };
		220F3B9B1C56F3790067E0E1 /* linkedQueue.h */ = {isa = PBXFileReference; fileEncoding = 4; lastKnownFileType = sourcecode.c.h; path = linkedQueue.h; sourceTree = "<group>"; };
		220F3B9C1C56F3790067E0E1 /* queueADT.h */ = {isa = PBXFileReference; fileEncoding = 4; lastKnownFileType = sourcecode.c.h; path = queueADT.h; sourceTree = "<group>"; };
		220F3B9D1C56F3790067E0E1 /* queueAsArray.h */ = {isa = PBXFileReference; fileEncoding = 4; lastKnownFileType = sourcecode.c.h; path = queueAsArray.h; sourceTree = "<group>"; };
		220F3B9E1C56F3790067E0E1 /* simulation.h */ = {isa = PBXFileReference; fileEncoding = 4; lastKnownFileType = sourcecode.c.h; path = simulation.h; sourceTree = "<group>"; };
		220F3B9F1C56F3790067E0E1 /* simulationImp.cpp */ = {isa = PBXFileReference; fileEncoding = 4; lastKnownFileType = sourcecode.cpp.cpp; path = simulationImp.cpp; sourceTree = "<group>"; };
		220F3BA01C56F3790067E0E1 /* testSimulationProg.cpp */ = {isa = PBXFileReference; fileEncoding = 4; lastKnownFileType = sourcecode.cpp.cpp; path = testSimulationProg.cpp; sourceTree = "<group>"; };
/* End PBXFileReference section */

/* Begin PBXFrameworksBuildPhase section */
		220F3B8E1C56F31A0067E0E1 /* Frameworks */ = {
			isa = PBXFrameworksBuildPhase;
			buildActionMask = 2147483647;
			files = (
			);
			runOnlyForDeploymentPostprocessing = 0;
		};
/* End PBXFrameworksBuildPhase section */

/* Begin PBXGroup section */
		220F3B881C56F31A0067E0E1 = {
			isa = PBXGroup;
			children = (
				220F3B931C56F31A0067E0E1 /* Sim */,
				220F3B921C56F31A0067E0E1 /* Products */,
			);
			sourceTree = "<group>";
		};
		220F3B921C56F31A0067E0E1 /* Products */ = {
			isa = PBXGroup;
			children = (
				220F3B911C56F31A0067E0E1 /* Sim */,
			);
			name = Products;
			sourceTree = "<group>";
		};
		220F3B931C56F31A0067E0E1 /* Sim */ = {
			isa = PBXGroup;
			children = (
				220F3B9B1C56F3790067E0E1 /* linkedQueue.h */,
				220F3B9C1C56F3790067E0E1 /* queueADT.h */,
				220F3B9D1C56F3790067E0E1 /* queueAsArray.h */,
				220F3B9E1C56F3790067E0E1 /* simulation.h */,
				220F3B9F1C56F3790067E0E1 /* simulationImp.cpp */,
				220F3BA01C56F3790067E0E1 /* testSimulationProg.cpp */,
			);
			path = Sim;
			sourceTree = "<group>";
		};
/* End PBXGroup section */

/* Begin PBXNativeTarget section */
		220F3B901C56F31A0067E0E1 /* Sim */ = {
			isa = PBXNativeTarget;
			buildConfigurationList = 220F3B981C56F31A0067E0E1 /* Build configuration list for PBXNativeTarget "Sim" */;
			buildPhases = (
				220F3B8D1C56F31A0067E0E1 /* Sources */,
				220F3B8E1C56F31A0067E0E1 /* Frameworks */,
				220F3B8F1C56F31A0067E0E1 /* CopyFiles */,
			);
			buildRules = (
			);
			dependencies = (
			);
			name = Sim;
			productName = Sim;
			productReference = 220F3B911C56F31A0067E0E1 /* Sim */;
			productType = "com.apple.product-type.tool";
		};
/* End PBXNativeTarget section */

/* Begin PBXProject section */
		220F3B891C56F31A0067E0E1 /* Project object */ = {
			isa = PBXProject;
			attributes = {
				LastUpgradeCheck = 0720;
				ORGANIZATIONNAME = "David Bozentka";
				TargetAttributes = {
					220F3B901C56F31A0067E0E1 = {
						CreatedOnToolsVersion = 7.2;
					};
				};
			};
			buildConfigurationList = 220F3B8C1C56F31A0067E0E1 /* Build configuration list for PBXProject "Sim" */;
			compatibilityVersion = "Xcode 3.2";
			developmentRegion = English;
			hasScannedForEncodings = 0;
			knownRegions = (
				en,
			);
			mainGroup = 220F3B881C56F31A0067E0E1;
			productRefGroup = 220F3B921C56F31A0067E0E1 /* Products */;
			projectDirPath = "";
			projectRoot = "";
			targets = (
				220F3B901C56F31A0067E0E1 /* Sim */,
			);
		};
/* End PBXProject section */

/* Begin PBXSourcesBuildPhase section */
		220F3B8D1C56F31A0067E0E1 /* Sources */ = {
			isa = PBXSourcesBuildPhase;
			buildActionMask = 2147483647;
			files = (
				220F3BA21C56F3790067E0E1 /* testSimulationProg.cpp in Sources */,
				220F3BA11C56F3790067E0E1 /* simulationImp.cpp in Sources */,
			);
			runOnlyForDeploymentPostprocessing = 0;
		};
/* End PBXSourcesBuildPhase section */

/* Begin XCBuildConfiguration section */
		220F3B961C56F31A0067E0E1 /* Debug */ = {
			isa = XCBuildConfiguration;
			buildSettings = {
				ALWAYS_SEARCH_USER_PATHS = NO;
				CLANG_CXX_LANGUAGE_STANDARD = "gnu++0x";
				CLANG_CXX_LIBRARY = "libc++";
				CLANG_ENABLE_MODULES = YES;
				CLANG_ENABLE_OBJC_ARC = YES;
				CLANG_WARN_BOOL_CONVERSION = YES;
				CLANG_WARN_CONSTANT_CONVERSION = YES;
				CLANG_WARN_DIRECT_OBJC_ISA_USAGE = YES_ERROR;
				CLANG_WARN_EMPTY_BODY = YES;
				CLANG_WARN_ENUM_CONVERSION = YES;
				CLANG_WARN_INT_CONVERSION = YES;
				CLANG_WARN_OBJC_ROOT_CLASS = YES_ERROR;
				CLANG_WARN_UNREACHABLE_CODE = YES;
				CLANG_WARN__DUPLICATE_METHOD_MATCH = YES;
				CODE_SIGN_IDENTITY = "-";
				COPY_PHASE_STRIP = NO;
				DEBUG_INFORMATION_FORMAT = dwarf;
				ENABLE_STRICT_OBJC_MSGSEND = YES;
				ENABLE_TESTABILITY = YES;
				GCC_C_LANGUAGE_STANDARD = gnu99;
				GCC_DYNAMIC_NO_PIC = NO;
				GCC_NO_COMMON_BLOCKS = YES;
				GCC_OPTIMIZATION_LEVEL = 0;
				GCC_PREPROCESSOR_DEFINITIONS = (
					"DEBUG=1",
					"$(inherited)",
				);
				GCC_WARN_64_TO_32_BIT_CONVERSION = YES;
				GCC_WARN_ABOUT_RETURN_TYPE = YES_ERROR;
				GCC_WARN_UNDECLARED_SELECTOR = YES;
				GCC_WARN_UNINITIALIZED_AUTOS = YES_AGGRESSIVE;
				GCC_WARN_UNUSED_FUNCTION = YES;
				GCC_WARN_UNUSED_VARIABLE = YES;
				MACOSX_DEPLOYMENT_TARGET = 10.11;
				MTL_ENABLE_DEBUG_INFO = YES;
				ONLY_ACTIVE_ARCH = YES;
				SDKROOT = macosx;
			};
			name = Debug;
		};
		220F3B971C56F31A0067E0E1 /* Release */ = {
			isa = XCBuildConfiguration;
			buildSettings = {
				ALWAYS_SEARCH_USER_PATHS = NO;
				CLANG_CXX_LANGUAGE_STANDARD = "gnu++0x";
				CLANG_CXX_LIBRARY = "libc++";
				CLANG_ENABLE_MODULES = YES;
				CLANG_ENABLE_OBJC_ARC = YES;
				CLANG_WARN_BOOL_CONVERSION = YES;
				CLANG_WARN_CONSTANT_CONVERSION = YES;
				CLANG_WARN_DIRECT_OBJC_ISA_USAGE = YES_ERROR;
				CLANG_WARN_EMPTY_BODY = YES;
				CLANG_WARN_ENUM_CONVERSION = YES;
				CLANG_WARN_INT_CONVERSION = YES;
				CLANG_WARN_OBJC_ROOT_CLASS = YES_ERROR;
				CLANG_WARN_UNREACHABLE_CODE = YES;
				CLANG_WARN__DUPLICATE_METHOD_MATCH = YES;
				CODE_SIGN_IDENTITY = "-";
				COPY_PHASE_STRIP = NO;
				DEBUG_INFORMATION_FORMAT = "dwarf-with-dsym";
				ENABLE_NS_ASSERTIONS = NO;
				ENABLE_STRICT_OBJC_MSGSEND = YES;
				GCC_C_LANGUAGE_STANDARD = gnu99;
				GCC_NO_COMMON_BLOCKS = YES;
				GCC_WARN_64_TO_32_BIT_CONVERSION = YES;
				GCC_WARN_ABOUT_RETURN_TYPE = YES_ERROR;
				GCC_WARN_UNDECLARED_SELECTOR = YES;
				GCC_WARN_UNINITIALIZED_AUTOS = YES_AGGRESSIVE;
				GCC_WARN_UNUSED_FUNCTION = YES;
				GCC_WARN_UNUSED_VARIABLE = YES;
				MACOSX_DEPLOYMENT_TARGET = 10.11;
				MTL_ENABLE_DEBUG_INFO = NO;
				SDKROOT = macosx;
			};
			name = Release;
		};
		220F3B991C56F31A0067E0E1 /* Debug */ = {
			isa = XCBuildConfiguration;
			buildSettings = {
				PRODUCT_NAME = "$(TARGET_NAME)";
			};
			name = Debug;
		};
		220F3B9A1C56F31A0067E0E1 /* Release */ = {
			isa = XCBuildConfiguration;
			buildSettings = {
				PRODUCT_NAME = "$(TARGET_NAME)";
			};
			name = Release;
		};
/* End XCBuildConfiguration section */

/* Begin XCConfigurationList section */
		220F3B8C1C56F31A0067E0E1 /* Build configuration list for PBXProject "Sim" */ = {
			isa = XCConfigurationList;
			buildConfigurations = (
				220F3B961C56F31A0067E0E1 /* Debug */,
				220F3B971C56F31A0067E0E1 /* Release */,
			);
			defaultConfigurationIsVisible = 0;
			defaultConfigurationName = Release;
		};
		220F3B981C56F31A0067E0E1 /* Build configuration list for PBXNativeTarget "Sim" */ = {
			isa = XCConfigurationList;
			buildConfigurations = (
				220F3B991C56F31A0067E0E1 /* Debug */,
				220F3B9A1C56F31A0067E0E1 /* Release */,
			);
			defaultConfigurationIsVisible = 0;
			defaultConfigurationName = Release;
		};
/* End XCConfigurationList section */
	};
	rootObject = 220F3B891C56F31A0067E0E1 /* Project object */;
}
